<?xml version="1.0" encoding="utf-8"?>
<Project ToolsVersion="4.0" xmlns="http://schemas.microsoft.com/developer/msbuild/2003">
  <ItemGroup>
    <Filter Include="Source Files">
      <UniqueIdentifier>{4FC737F1-C7A5-4376-A066-2A32D752A2FF}</UniqueIdentifier>
      <Extensions>cpp;c;cc;cxx;def;odl;idl;hpj;bat;asm;asmx</Extensions>
    </Filter>
    <Filter Include="Header Files">
      <UniqueIdentifier>{93995380-89BD-4b04-88EB-625FBE52EBFB}</UniqueIdentifier>
      <Extensions>h;hh;hpp;hxx;hm;inl;inc;xsd</Extensions>
    </Filter>
    <Filter Include="Resource Files">
      <UniqueIdentifier>{67DA6AB6-F800-4c08-8B7A-83BB121AAD01}</UniqueIdentifier>
      <Extensions>rc;ico;cur;bmp;dlg;rc2;rct;bin;rgs;gif;jpg;jpeg;jpe;resx;tiff;tif;png;wav</Extensions>
    </Filter>
    <Filter Include="tsl">
      <UniqueIdentifier>{c5320bc8-7fc0-4b90-a000-8d484832a4cb}</UniqueIdentifier>
    </Filter>
  </ItemGroup>
  <ItemGroup>
    <ClCompile Include="ContextMenu.cpp">
      <Filter>Source Files</Filter>
    </ClCompile>
    <ClCompile Include="NodeViewApp.cpp">
      <Filter>Source Files</Filter>
    </ClCompile>
    <ClCompile Include="StdAfx.cpp">
      <Filter>Source Files</Filter>
    </ClCompile>
    <ClCompile Include="..\DynMultiView\AboutDlg.cpp">
      <Filter>Source Files</Filter>
    </ClCompile>
    <ClCompile Include="..\DynMultiView\MainFrm.cpp">
      <Filter>Source Files</Filter>
    </ClCompile>
    <ClCompile Include="..\DynMultiView\MultiView.cpp">
      <Filter>Source Files</Filter>
    </ClCompile>
    <ClCompile Include="..\DynMultiView\MultiViewDoc.cpp">
      <Filter>Source Files</Filter>
    </ClCompile>
    <ClCompile Include="$(BlazesGlobalCode)\QuadVector\QuadVector.cpp">
      <Filter>Source Files</Filter>
    </ClCompile>
    <ClCompile Include="$(BlazesGlobalCode)\QuadVector\QuadVectorFunctions.cpp">
      <Filter>Source Files</Filter>
    </ClCompile>
    <ClCompile Include="..\DynMultiView\StdMultiView.cpp">
      <Filter>Source Files</Filter>
    </ClCompile>
    <ClCompile Include="$(BlazesGlobalCode)\StringFunctions\StringFunctions.cpp">
      <Filter>Source Files</Filter>
    </ClCompile>
    <ClCompile Include="$(BlazesGlobalCode)\VariableLists\StringVectorList.cpp">
      <Filter>Source Files</Filter>
    </ClCompile>
    <ClCompile Include="$(BlazesGlobalCode)\VariableConversionFunctions\VariableConversionFunctions.cpp">
      <Filter>Source Files</Filter>
    </ClCompile>
    <ClCompile Include="$(BlazesGlobalCode)\VariableLists\VariableTypeLists.cpp">
      <Filter>Source Files</Filter>
    </ClCompile>
    <ClCompile Include="$(BlazesGlobalCode)\VariableLists\VariableVectorFunctions.cpp">
      <Filter>Source Files</Filter>
    </ClCompile>
  </ItemGroup>
  <ItemGroup>
    <ClInclude Include="ArgList.h">
      <Filter>Header Files</Filter>
    </ClInclude>
    <ClInclude Include="ArgStringList.h">
      <Filter>Header Files</Filter>
    </ClInclude>
    <ClInclude Include="BasicDataNode.h">
      <Filter>Header Files</Filter>
    </ClInclude>
    <ClInclude Include="ContextMenu.h">
      <Filter>Header Files</Filter>
    </ClInclude>
    <ClInclude Include="DataDictionary.h">
      <Filter>Header Files</Filter>
    </ClInclude>
    <ClInclude Include="NodeViewApp.h">
      <Filter>Header Files</Filter>
    </ClInclude>
    <ClInclude Include="Resource.h">
      <Filter>Header Files</Filter>
    </ClInclude>
    <ClInclude Include="StdAfx.h">
      <Filter>Header Files</Filter>
    </ClInclude>
    <ClInclude Include="TreeView.h">
      <Filter>Header Files</Filter>
    </ClInclude>
    <ClInclude Include="UIntVector.h">
      <Filter>Header Files</Filter>
    </ClInclude>
    <ClInclude Include="$(BlazesGlobalCode)\tsl\ordered_set.h">
      <Filter>tsl</Filter>
    </ClInclude>
    <ClInclude Include="$(BlazesGlobalCode)\tsl\ordered_map.h">
      <Filter>tsl</Filter>
    </ClInclude>
    <ClInclude Include="$(BlazesGlobalCode)\tsl\ordered_hash.h">
      <Filter>tsl</Filter>
    </ClInclude>
    <ClInclude Include="..\DynMultiView\MultiView.h">
      <Filter>Header Files</Filter>
    </ClInclude>
    <ClInclude Include="..\DynMultiView\MainFrm.h">
      <Filter>Header Files</Filter>
    </ClInclude>
    <ClInclude Include="..\DynMultiView\MultiViewDoc.h">
      <Filter>Header Files</Filter>
    </ClInclude>
    <ClInclude Include="..\DynMultiView\AboutDlg.h">
      <Filter>Header Files</Filter>
    </ClInclude>
    <ClInclude Include="$(BlazesGlobalCode)\IniData\CustomOrderedDictionary.h">
      <Filter>Header Files</Filter>
    </ClInclude>
    <ClInclude Include="..\DynMultiView\StdMultiView.h">
      <Filter>Header Files</Filter>
    </ClInclude>
    <ClInclude Include="$(BlazesGlobalCode)\StringFunctions\StringFunctions.h">
      <Filter>Header Files</Filter>
    </ClInclude>
    <ClInclude Include="$(BlazesGlobalCode)\VariableConversionFunctions\VariableConversionFunctions.h">
      <Filter>Header Files</Filter>
    </ClInclude>
    <ClInclude Include="$(BlazesGlobalCode)\VariableLists\VariableList.h">
      <Filter>Header Files</Filter>
    </ClInclude>
    <ClInclude Include="$(BlazesGlobalCode)\VariableLists\VariableTypeLists.h">
      <Filter>Header Files</Filter>
    </ClInclude>
    <ClInclude Include="$(BlazesGlobalCode)\VariableLists\VariableVectorFunctions.h">
      <Filter>Header Files</Filter>
    </ClInclude>
  </ItemGroup>
  <ItemGroup>
    <ResourceCompile Include="AppResources.rc">
      <Filter>Resource Files</Filter>
    </ResourceCompile>
  </ItemGroup>
  <ItemGroup>
    <None Include="res\AppResources.rc2">
      <Filter>Resource Files</Filter>
    </None>
  </ItemGroup>
</Project>